
Microsoft Visual Studio Solution File, Format Version 12.00
# Visual Studio Version 16
VisualStudioVersion = 16.0.28917.181
MinimumVisualStudioVersion = 10.0.40219.1
Project("{F184B08F-C81C-45F6-A57F-5ABD9991F28F}") = "ComputingAssignement2", "ComputingAssignement2\ComputingAssignement2.vbproj", "{7FFE8D58-8C0A-461B-8626-0C79835A7C4F}"
EndProject
Global
	GlobalSection(SolutionConfigurationPlatforms) = preSolution
		Debug|Any CPU = Debug|Any CPU
		Release|Any CPU = Release|Any CPU
	EndGlobalSection
	GlobalSection(ProjectConfigurationPlatforms) = postSolution
		{7FFE8D58-8C0A-461B-8626-0C79835A7C4F}.Debug|Any CPU.ActiveCfg = Debug|Any CPU
		{7FFE8D58-8C0A-461B-8626-0C79835A7C4F}.Debug|Any CPU.Build.0 = Debug|Any CPU
		{7FFE8D58-8C0A-461B-8626-0C79835A7C4F}.Release|Any CPU.ActiveCfg = Release|Any CPU
		{7FFE8D58-8C0A-461B-8626-0C79835A7C4F}.Release|Any CPU.Build.0 = Release|Any CPU
	EndGlobalSection
	GlobalSection(SolutionProperties) = preSolution
		HideSolutionNode = FALSE
	EndGlobalSection
	GlobalSection(ExtensibilityGlobals) = postSolution
		SolutionGuid = {6EC85C9B-C027-4E89-97E6-41DC8A21F14D}
	EndGlobalSection
EndGlobal
